// !$*UTF8*$!
{
	archiveVersion = 1;
	classes = {
	};
	objectVersion = 46;
	objects = {

/* Begin PBXBuildFile section */
		5ED916581B1305080095580F /* main.m in Sources */ = {isa = PBXBuildFile; fileRef = 5ED916571B1305080095580F /* main.m */; };
		5ED9165B1B1305080095580F /* AppDelegate.m in Sources */ = {isa = PBXBuildFile; fileRef = 5ED9165A1B1305080095580F /* AppDelegate.m */; };
		5ED916611B1305080095580F /* Main.storyboard in Resources */ = {isa = PBXBuildFile; fileRef = 5ED9165F1B1305080095580F /* Main.storyboard */; };
		5ED916631B1305080095580F /* Images.xcassets in Resources */ = {isa = PBXBuildFile; fileRef = 5ED916621B1305080095580F /* Images.xcassets */; };
		5ED916661B1305080095580F /* LaunchScreen.xib in Resources */ = {isa = PBXBuildFile; fileRef = 5ED916641B1305080095580F /* LaunchScreen.xib */; };
		5ED916721B1305080095580F /* autoHeightLayoutTests.m in Sources */ = {isa = PBXBuildFile; fileRef = 5ED916711B1305080095580F /* autoHeightLayoutTests.m */; };
		5ED916801B1472C30095580F /* UITableView+FDTemplateLayoutCell.m in Sources */ = {isa = PBXBuildFile; fileRef = 5ED9167F1B1472C30095580F /* UITableView+FDTemplateLayoutCell.m */; };
		5ED916831B1473520095580F /* RootTableViewController.m in Sources */ = {isa = PBXBuildFile; fileRef = 5ED916821B1473520095580F /* RootTableViewController.m */; };
		5ED916861B1473B30095580F /* CustomCell.m in Sources */ = {isa = PBXBuildFile; fileRef = 5ED916851B1473B30095580F /* CustomCell.m */; };
		5ED916891B1496A00095580F /* CellData.m in Sources */ = {isa = PBXBuildFile; fileRef = 5ED916881B1496A00095580F /* CellData.m */; };
/* End PBXBuildFile section */

/* Begin PBXContainerItemProxy section */
		5ED9166C1B1305080095580F /* PBXContainerItemProxy */ = {
			isa = PBXContainerItemProxy;
			containerPortal = 5ED9164A1B1305080095580F /* Project object */;
			proxyType = 1;
			remoteGlobalIDString = 5ED916511B1305080095580F;
			remoteInfo = autoHeightLayout;
		};
/* End PBXContainerItemProxy section */

/* Begin PBXFileReference section */
		5ED916521B1305080095580F /* autoHeightLayout.app */ = {isa = PBXFileReference; explicitFileType = wrapper.application; includeInIndex = 0; path = autoHeightLayout.app; sourceTree = BUILT_PRODUCTS_DIR; };
		5ED916561B1305080095580F /* Info.plist */ = {isa = PBXFileReference; lastKnownFileType = text.plist.xml; path = Info.plist; sourceTree = "<group>"; };
		5ED916571B1305080095580F /* main.m */ = {isa = PBXFileReference; lastKnownFileType = sourcecode.c.objc; path = main.m; sourceTree = "<group>"; };
		5ED916591B1305080095580F /* AppDelegate.h */ = {isa = PBXFileReference; lastKnownFileType = sourcecode.c.h; path = AppDelegate.h; sourceTree = "<group>"; };
		5ED9165A1B1305080095580F /* AppDelegate.m */ = {isa = PBXFileReference; lastKnownFileType = sourcecode.c.objc; path = AppDelegate.m; sourceTree = "<group>"; };
		5ED916601B1305080095580F /* Base */ = {isa = PBXFileReference; lastKnownFileType = file.storyboard; name = Base; path = Base.lproj/Main.storyboard; sourceTree = "<group>"; };
		5ED916621B1305080095580F /* Images.xcassets */ = {isa = PBXFileReference; lastKnownFileType = folder.assetcatalog; path = Images.xcassets; sourceTree = "<group>"; };
		5ED916651B1305080095580F /* Base */ = {isa = PBXFileReference; lastKnownFileType = file.xib; name = Base; path = Base.lproj/LaunchScreen.xib; sourceTree = "<group>"; };
		5ED9166B1B1305080095580F /* autoHeightLayoutTests.xctest */ = {isa = PBXFileReference; explicitFileType = wrapper.cfbundle; includeInIndex = 0; path = autoHeightLayoutTests.xctest; sourceTree = BUILT_PRODUCTS_DIR; };
		5ED916701B1305080095580F /* Info.plist */ = {isa = PBXFileReference; lastKnownFileType = text.plist.xml; path = Info.plist; sourceTree = "<group>"; };
		5ED916711B1305080095580F /* autoHeightLayoutTests.m */ = {isa = PBXFileReference; lastKnownFileType = sourcecode.c.objc; path = autoHeightLayoutTests.m; sourceTree = "<group>"; };
		5ED9167E1B1472C30095580F /* UITableView+FDTemplateLayoutCell.h */ = {isa = PBXFileReference; fileEncoding = 4; lastKnownFileType = sourcecode.c.h; path = "UITableView+FDTemplateLayoutCell.h"; sourceTree = "<group>"; };
		5ED9167F1B1472C30095580F /* UITableView+FDTemplateLayoutCell.m */ = {isa = PBXFileReference; fileEncoding = 4; lastKnownFileType = sourcecode.c.objc; path = "UITableView+FDTemplateLayoutCell.m"; sourceTree = "<group>"; };
		5ED916811B1473520095580F /* RootTableViewController.h */ = {isa = PBXFileReference; fileEncoding = 4; lastKnownFileType = sourcecode.c.h; path = RootTableViewController.h; sourceTree = "<group>"; };
		5ED916821B1473520095580F /* RootTableViewController.m */ = {isa = PBXFileReference; fileEncoding = 4; lastKnownFileType = sourcecode.c.objc; path = RootTableViewController.m; sourceTree = "<group>"; };
		5ED916841B1473B30095580F /* CustomCell.h */ = {isa = PBXFileReference; fileEncoding = 4; lastKnownFileType = sourcecode.c.h; path = CustomCell.h; sourceTree = "<group>"; };
		5ED916851B1473B30095580F /* CustomCell.m */ = {isa = PBXFileReference; fileEncoding = 4; lastKnownFileType = sourcecode.c.objc; path = CustomCell.m; sourceTree = "<group>"; };
		5ED916871B1496A00095580F /* CellData.h */ = {isa = PBXFileReference; fileEncoding = 4; lastKnownFileType = sourcecode.c.h; path = CellData.h; sourceTree = "<group>"; };
		5ED916881B1496A00095580F /* CellData.m */ = {isa = PBXFileReference; fileEncoding = 4; lastKnownFileType = sourcecode.c.objc; path = CellData.m; sourceTree = "<group>"; };
/* End PBXFileReference section */

/* Begin PBXFrameworksBuildPhase section */
		5ED9164F1B1305080095580F /* Frameworks */ = {
			isa = PBXFrameworksBuildPhase;
			buildActionMask = 2147483647;
			files = (
			);
			runOnlyForDeploymentPostprocessing = 0;
		};
		5ED916681B1305080095580F /* Frameworks */ = {
			isa = PBXFrameworksBuildPhase;
			buildActionMask = 2147483647;
			files = (
			);
			runOnlyForDeploymentPostprocessing = 0;
		};
/* End PBXFrameworksBuildPhase section */

/* Begin PBXGroup section */
		5ED916491B1305080095580F = {
			isa = PBXGroup;
			children = (
				5ED9167D1B1472C30095580F /* Classes */,
				5ED916541B1305080095580F /* autoHeightLayout */,
				5ED9166E1B1305080095580F /* autoHeightLayoutTests */,
				5ED916531B1305080095580F /* Products */,
			);
			sourceTree = "<group>";
		};
		5ED916531B1305080095580F /* Products */ = {
			isa = PBXGroup;
			children = (
				5ED916521B1305080095580F /* autoHeightLayout.app */,
				5ED9166B1B1305080095580F /* autoHeightLayoutTests.xctest */,
			);
			name = Products;
			sourceTree = "<group>";
		};
		5ED916541B1305080095580F /* autoHeightLayout */ = {
			isa = PBXGroup;
			children = (
				5ED916591B1305080095580F /* AppDelegate.h */,
				5ED9165A1B1305080095580F /* AppDelegate.m */,
				5ED916811B1473520095580F /* RootTableViewController.h */,
				5ED916821B1473520095580F /* RootTableViewController.m */,
				5ED916841B1473B30095580F /* CustomCell.h */,
				5ED916851B1473B30095580F /* CustomCell.m */,
				5ED916871B1496A00095580F /* CellData.h */,
				5ED916881B1496A00095580F /* CellData.m */,
				5ED9165F1B1305080095580F /* Main.storyboard */,
				5ED916621B1305080095580F /* Images.xcassets */,
				5ED916641B1305080095580F /* LaunchScreen.xib */,
				5ED916551B1305080095580F /* Supporting Files */,
			);
			path = autoHeightLayout;
			sourceTree = "<group>";
		};
		5ED916551B1305080095580F /* Supporting Files */ = {
			isa = PBXGroup;
			children = (
				5ED916561B1305080095580F /* Info.plist */,
				5ED916571B1305080095580F /* main.m */,
			);
			name = "Supporting Files";
			sourceTree = "<group>";
		};
		5ED9166E1B1305080095580F /* autoHeightLayoutTests */ = {
			isa = PBXGroup;
			children = (
				5ED916711B1305080095580F /* autoHeightLayoutTests.m */,
				5ED9166F1B1305080095580F /* Supporting Files */,
			);
			path = autoHeightLayoutTests;
			sourceTree = "<group>";
		};
		5ED9166F1B1305080095580F /* Supporting Files */ = {
			isa = PBXGroup;
			children = (
				5ED916701B1305080095580F /* Info.plist */,
			);
			name = "Supporting Files";
			sourceTree = "<group>";
		};
		5ED9167D1B1472C30095580F /* Classes */ = {
			isa = PBXGroup;
			children = (
				5ED9167E1B1472C30095580F /* UITableView+FDTemplateLayoutCell.h */,
				5ED9167F1B1472C30095580F /* UITableView+FDTemplateLayoutCell.m */,
			);
			path = Classes;
			sourceTree = "<group>";
		};
/* End PBXGroup section */

/* Begin PBXNativeTarget section */
		5ED916511B1305080095580F /* autoHeightLayout */ = {
			isa = PBXNativeTarget;
			buildConfigurationList = 5ED916751B1305080095580F /* Build configuration list for PBXNativeTarget "autoHeightLayout" */;
			buildPhases = (
				5ED9164E1B1305080095580F /* Sources */,
				5ED9164F1B1305080095580F /* Frameworks */,
				5ED916501B1305080095580F /* Resources */,
			);
			buildRules = (
			);
			dependencies = (
			);
			name = autoHeightLayout;
			productName = autoHeightLayout;
			productReference = 5ED916521B1305080095580F /* autoHeightLayout.app */;
			productType = "com.apple.product-type.application";
		};
		5ED9166A1B1305080095580F /* autoHeightLayoutTests */ = {
			isa = PBXNativeTarget;
			buildConfigurationList = 5ED916781B1305080095580F /* Build configuration list for PBXNativeTarget "autoHeightLayoutTests" */;
			buildPhases = (
				5ED916671B1305080095580F /* Sources */,
				5ED916681B1305080095580F /* Frameworks */,
				5ED916691B1305080095580F /* Resources */,
			);
			buildRules = (
			);
			dependencies = (
				5ED9166D1B1305080095580F /* PBXTargetDependency */,
			);
			name = autoHeightLayoutTests;
			productName = autoHeightLayoutTests;
			productReference = 5ED9166B1B1305080095580F /* autoHeightLayoutTests.xctest */;
			productType = "com.apple.product-type.bundle.unit-test";
		};
/* End PBXNativeTarget section */

/* Begin PBXProject section */
		5ED9164A1B1305080095580F /* Project object */ = {
			isa = PBXProject;
			attributes = {
				LastUpgradeCheck = 0630;
				ORGANIZATIONNAME = Keep;
				TargetAttributes = {
					5ED916511B1305080095580F = {
						CreatedOnToolsVersion = 6.3.2;
					};
					5ED9166A1B1305080095580F = {
						CreatedOnToolsVersion = 6.3.2;
						TestTargetID = 5ED916511B1305080095580F;
					};
				};
			};
			buildConfigurationList = 5ED9164D1B1305080095580F /* Build configuration list for PBXProject "autoHeightLayout" */;
			compatibilityVersion = "Xcode 3.2";
			developmentRegion = English;
			hasScannedForEncodings = 0;
			knownRegions = (
				en,
				Base,
			);
			mainGroup = 5ED916491B1305080095580F;
			productRefGroup = 5ED916531B1305080095580F /* Products */;
			projectDirPath = "";
			projectRoot = "";
			targets = (
				5ED916511B1305080095580F /* autoHeightLayout */,
				5ED9166A1B1305080095580F /* autoHeightLayoutTests */,
			);
		};
/* End PBXProject section */

/* Begin PBXResourcesBuildPhase section */
		5ED916501B1305080095580F /* Resources */ = {
			isa = PBXResourcesBuildPhase;
			buildActionMask = 2147483647;
			files = (
				5ED916611B1305080095580F /* Main.storyboard in Resources */,
				5ED916661B1305080095580F /* LaunchScreen.xib in Resources */,
				5ED916631B1305080095580F /* Images.xcassets in Resources */,
			);
			runOnlyForDeploymentPostprocessing = 0;
		};
		5ED916691B1305080095580F /* Resources */ = {
			isa = PBXResourcesBuildPhase;
			buildActionMask = 2147483647;
			files = (
			);
			runOnlyForDeploymentPostprocessing = 0;
		};
/* End PBXResourcesBuildPhase section */

/* Begin PBXSourcesBuildPhase section */
		5ED9164E1B1305080095580F /* Sources */ = {
			isa = PBXSourcesBuildPhase;
			buildActionMask = 2147483647;
			files = (
				5ED916801B1472C30095580F /* UITableView+FDTemplateLayoutCell.m in Sources */,
				5ED916891B1496A00095580F /* CellData.m in Sources */,
				5ED9165B1B1305080095580F /* AppDelegate.m in Sources */,
				5ED916581B1305080095580F /* main.m in Sources */,
				5ED916831B1473520095580F /* RootTableViewController.m in Sources */,
				5ED916861B1473B30095580F /* CustomCell.m in Sources */,
			);
			runOnlyForDeploymentPostprocessing = 0;
		};
		5ED916671B1305080095580F /* Sources */ = {
			isa = PBXSourcesBuildPhase;
			buildActionMask = 2147483647;
			files = (
				5ED916721B1305080095580F /* autoHeightLayoutTests.m in Sources */,
			);
			runOnlyForDeploymentPostprocessing = 0;
		};
/* End PBXSourcesBuildPhase section */

/* Begin PBXTargetDependency section */
		5ED9166D1B1305080095580F /* PBXTargetDependency */ = {
			isa = PBXTargetDependency;
			target = 5ED916511B1305080095580F /* autoHeightLayout */;
			targetProxy = 5ED9166C1B1305080095580F /* PBXContainerItemProxy */;
		};
/* End PBXTargetDependency section */

/* Begin PBXVariantGroup section */
		5ED9165F1B1305080095580F /* Main.storyboard */ = {
			isa = PBXVariantGroup;
			children = (
				5ED916601B1305080095580F /* Base */,
			);
			name = Main.storyboard;
			sourceTree = "<group>";
		};
		5ED916641B1305080095580F /* LaunchScreen.xib */ = {
			isa = PBXVariantGroup;
			children = (
				5ED916651B1305080095580F /* Base */,
			);
			name = LaunchScreen.xib;
			sourceTree = "<group>";
		};
/* End PBXVariantGroup section */

/* Begin XCBuildConfiguration section */
		5ED916731B1305080095580F /* Debug */ = {
			isa = XCBuildConfiguration;
			buildSettings = {
				ALWAYS_SEARCH_USER_PATHS = NO;
				CLANG_CXX_LANGUAGE_STANDARD = "gnu++0x";
				CLANG_CXX_LIBRARY = "libc++";
				CLANG_ENABLE_MODULES = YES;
				CLANG_ENABLE_OBJC_ARC = YES;
				CLANG_WARN_BOOL_CONVERSION = YES;
				CLANG_WARN_CONSTANT_CONVERSION = YES;
				CLANG_WARN_DIRECT_OBJC_ISA_USAGE = YES_ERROR;
				CLANG_WARN_EMPTY_BODY = YES;
				CLANG_WARN_ENUM_CONVERSION = YES;
				CLANG_WARN_INT_CONVERSION = YES;
				CLANG_WARN_OBJC_ROOT_CLASS = YES_ERROR;
				CLANG_WARN_UNREACHABLE_CODE = YES;
				CLANG_WARN__DUPLICATE_METHOD_MATCH = YES;
				"CODE_SIGN_IDENTITY[sdk=iphoneos*]" = "iPhone Developer";
				COPY_PHASE_STRIP = NO;
				DEBUG_INFORMATION_FORMAT = "dwarf-with-dsym";
				ENABLE_STRICT_OBJC_MSGSEND = YES;
				GCC_C_LANGUAGE_STANDARD = gnu99;
				GCC_DYNAMIC_NO_PIC = NO;
				GCC_NO_COMMON_BLOCKS = YES;
				GCC_OPTIMIZATION_LEVEL = 0;
				GCC_PREPROCESSOR_DEFINITIONS = (
					"DEBUG=1",
					"$(inherited)",
				);
				GCC_SYMBOLS_PRIVATE_EXTERN = NO;
				GCC_WARN_64_TO_32_BIT_CONVERSION = YES;
				GCC_WARN_ABOUT_RETURN_TYPE = YES_ERROR;
				GCC_WARN_UNDECLARED_SELECTOR = YES;
				GCC_WARN_UNINITIALIZED_AUTOS = YES_AGGRESSIVE;
				GCC_WARN_UNUSED_FUNCTION = YES;
				GCC_WARN_UNUSED_VARIABLE = YES;
				IPHONEOS_DEPLOYMENT_TARGET = 8.3;
				MTL_ENABLE_DEBUG_INFO = YES;
				ONLY_ACTIVE_ARCH = YES;
				SDKROOT = iphoneos;
			};
			name = Debug;
		};
		5ED916741B1305080095580F /* Release */ = {
			isa = XCBuildConfiguration;
			buildSettings = {
				ALWAYS_SEARCH_USER_PATHS = NO;
				CLANG_CXX_LANGUAGE_STANDARD = "gnu++0x";
				CLANG_CXX_LIBRARY = "libc++";
				CLANG_ENABLE_MODULES = YES;
				CLANG_ENABLE_OBJC_ARC = YES;
				CLANG_WARN_BOOL_CONVERSION = YES;
				CLANG_WARN_CONSTANT_CONVERSION = YES;
				CLANG_WARN_DIRECT_OBJC_ISA_USAGE = YES_ERROR;
				CLANG_WARN_EMPTY_BODY = YES;
				CLANG_WARN_ENUM_CONVERSION = YES;
				CLANG_WARN_INT_CONVERSION = YES;
				CLANG_WARN_OBJC_ROOT_CLASS = YES_ERROR;
				CLANG_WARN_UNREACHABLE_CODE = YES;
				CLANG_WARN__DUPLICATE_METHOD_MATCH = YES;
				"CODE_SIGN_IDENTITY[sdk=iphoneos*]" = "iPhone Developer";
				COPY_PHASE_STRIP = NO;
				DEBUG_INFORMATION_FORMAT = "dwarf-with-dsym";
				ENABLE_NS_ASSERTIONS = NO;
				ENABLE_STRICT_OBJC_MSGSEND = YES;
				GCC_C_LANGUAGE_STANDARD = gnu99;
				GCC_NO_COMMON_BLOCKS = YES;
				GCC_WARN_64_TO_32_BIT_CONVERSION = YES;
				GCC_WARN_ABOUT_RETURN_TYPE = YES_ERROR;
				GCC_WARN_UNDECLARED_SELECTOR = YES;
				GCC_WARN_UNINITIALIZED_AUTOS = YES_AGGRESSIVE;
				GCC_WARN_UNUSED_FUNCTION = YES;
				GCC_WARN_UNUSED_VARIABLE = YES;
				IPHONEOS_DEPLOYMENT_TARGET = 8.3;
				MTL_ENABLE_DEBUG_INFO = NO;
				SDKROOT = iphoneos;
				VALIDATE_PRODUCT = YES;
			};
			name = Release;
		};
		5ED916761B1305080095580F /* Debug */ = {
			isa = XCBuildConfiguration;
			buildSettings = {
				ASSETCATALOG_COMPILER_APPICON_NAME = AppIcon;
				INFOPLIST_FILE = autoHeightLayout/Info.plist;
				LD_RUNPATH_SEARCH_PATHS = "$(inherited) @executable_path/Frameworks";
				PRODUCT_NAME = "$(TARGET_NAME)";
			};
			name = Debug;
		};
		5ED916771B1305080095580F /* Release */ = {
			isa = XCBuildConfiguration;
			buildSettings = {
				ASSETCATALOG_COMPILER_APPICON_NAME = AppIcon;
				INFOPLIST_FILE = autoHeightLayout/Info.plist;
				LD_RUNPATH_SEARCH_PATHS = "$(inherited) @executable_path/Frameworks";
				PRODUCT_NAME = "$(TARGET_NAME)";
			};
			name = Release;
		};
		5ED916791B1305080095580F /* Debug */ = {
			isa = XCBuildConfiguration;
			buildSettings = {
				BUNDLE_LOADER = "$(TEST_HOST)";
				FRAMEWORK_SEARCH_PATHS = (
					"$(SDKROOT)/Developer/Library/Frameworks",
					"$(inherited)",
				);
				GCC_PREPROCESSOR_DEFINITIONS = (
					"DEBUG=1",
					"$(inherited)",
				);
				INFOPLIST_FILE = autoHeightLayoutTests/Info.plist;
				LD_RUNPATH_SEARCH_PATHS = "$(inherited) @executable_path/Frameworks @loader_path/Frameworks";
				PRODUCT_NAME = "$(TARGET_NAME)";
				TEST_HOST = "$(BUILT_PRODUCTS_DIR)/autoHeightLayout.app/autoHeightLayout";
			};
			name = Debug;
		};
		5ED9167A1B1305080095580F /* Release */ = {
			isa = XCBuildConfiguration;
			buildSettings = {
				BUNDLE_LOADER = "$(TEST_HOST)";
				FRAMEWORK_SEARCH_PATHS = (
					"$(SDKROOT)/Developer/Library/Frameworks",
					"$(inherited)",
				);
				INFOPLIST_FILE = autoHeightLayoutTests/Info.plist;
				LD_RUNPATH_SEARCH_PATHS = "$(inherited) @executable_path/Frameworks @loader_path/Frameworks";
				PRODUCT_NAME = "$(TARGET_NAME)";
				TEST_HOST = "$(BUILT_PRODUCTS_DIR)/autoHeightLayout.app/autoHeightLayout";
			};
			name = Release;
		};
/* End XCBuildConfiguration section */

/* Begin XCConfigurationList section */
		5ED9164D1B1305080095580F /* Build configuration list for PBXProject "autoHeightLayout" */ = {
			isa = XCConfigurationList;
			buildConfigurations = (
				5ED916731B1305080095580F /* Debug */,
				5ED916741B1305080095580F /* Release */,
			);
			defaultConfigurationIsVisible = 0;
			defaultConfigurationName = Release;
		};
		5ED916751B1305080095580F /* Build configuration list for PBXNativeTarget "autoHeightLayout" */ = {
			isa = XCConfigurationList;
			buildConfigurations = (
				5ED916761B1305080095580F /* Debug */,
				5ED916771B1305080095580F /* Release */,
			);
			defaultConfigurationIsVisible = 0;
		};
		5ED916781B1305080095580F /* Build configuration list for PBXNativeTarget "autoHeightLayoutTests" */ = {
			isa = XCConfigurationList;
			buildConfigurations = (
				5ED916791B1305080095580F /* Debug */,
				5ED9167A1B1305080095580F /* Release */,
			);
			defaultConfigurationIsVisible = 0;
		};
/* End XCConfigurationList section */
	};
	rootObject = 5ED9164A1B1305080095580F /* Project object */;
}
